
Microsoft Visual Studio Solution File, Format Version 12.00
# Visual Studio 14
VisualStudioVersion = 14.0.25420.1
MinimumVisualStudioVersion = 10.0.40219.1
Project("{8BC9CEB8-8B4A-11D0-8D11-00A0C91BC942}") = "zlib", "build\zlib.vcxproj", "{C0166DC5-84C8-466C-BD6C-037951915569}"
EndProject
Project("{2150E333-8FDC-42A3-9474-1A3956D46DE8}") = "libraries", "libraries", "{A7137181-83E5-46FB-A880-B4FB4F4BF3C3}"
EndProject
Project("{8BC9CEB8-8B4A-11D0-8D11-00A0C91BC942}") = "asmjit", "build\asmjit.vcxproj", "{94C92AF7-B8C5-4F0B-A7F4-F80A32DCEC8E}"
EndProject
Project("{8BC9CEB8-8B4A-11D0-8D11-00A0C91BC942}") = "pugixml", "build\pugixml.vcxproj", "{2808B8EB-ACC1-4EC3-B22E-8D2C16AB7DF6}"
EndProject
Project("{2150E333-8FDC-42A3-9474-1A3956D46DE8}") = "tools", "tools", "{4E2164E9-068E-44D0-BC5B-E8A68B30D4CE}"
EndProject
Project("{8BC9CEB8-8B4A-11D0-8D11-00A0C91BC942}") = "hardware-test-server", "build\hardware-test-server.vcxproj", "{CD2AFBB6-5A6C-4FC6-B76B-F618193AEFC8}"
	ProjectSection(ProjectDependencies) = postProject
		{01016351-42D4-4D49-A433-00CF4E1F7A8C} = {01016351-42D4-4D49-A433-00CF4E1F7A8C}
	EndProjectSection
EndProject
Project("{8BC9CEB8-8B4A-11D0-8D11-00A0C91BC942}") = "hardware-test-generator", "build\hardware-test-generator.vcxproj", "{CDFC321E-07C6-44E1-B145-02749935DDFE}"
	ProjectSection(ProjectDependencies) = postProject
		{F75C0F3B-F503-4B49-9198-8529390D5C0C} = {F75C0F3B-F503-4B49-9198-8529390D5C0C}
		{2CDEC1A4-EE8C-4243-9D7E-53869431B35E} = {2CDEC1A4-EE8C-4243-9D7E-53869431B35E}
	EndProjectSection
EndProject
Project("{8BC9CEB8-8B4A-11D0-8D11-00A0C91BC942}") = "ovsocket", "build\ovsocket.vcxproj", "{01016351-42D4-4D49-A433-00CF4E1F7A8C}"
EndProject
Project("{8BC9CEB8-8B4A-11D0-8D11-00A0C91BC942}") = "glbinding", "build\glbinding.vcxproj", "{32C7C2BD-0D47-48C7-9887-468850923599}"
EndProject
Project("{8BC9CEB8-8B4A-11D0-8D11-00A0C91BC942}") = "addrlib", "build\addrlib.vcxproj", "{2808B8EB-ACC1-4EC3-B22E-8D2C16AB7EF6}"
EndProject
Project("{8BC9CEB8-8B4A-11D0-8D11-00A0C91BC942}") = "gfd-tool", "build\gfd-tool.vcxproj", "{7CB8D060-968B-4173-B2BF-1E29088107F2}"
	ProjectSection(ProjectDependencies) = postProject
		{F75C0F3B-F503-4B49-9198-8529390D5C0C} = {F75C0F3B-F503-4B49-9198-8529390D5C0C}
		{2CDEC1A4-EE8C-4243-9D7E-53869431B35E} = {2CDEC1A4-EE8C-4243-9D7E-53869431B35E}
		{2808B8EB-ACC1-4EC3-B22E-8D2C16AB7EF6} = {2808B8EB-ACC1-4EC3-B22E-8D2C16AB7EF6}
	EndProjectSection
EndProject
Project("{8BC9CEB8-8B4A-11D0-8D11-00A0C91BC942}") = "sdl", "build\sdl.vcxproj", "{2808B8EB-ACC1-4EC3-B22E-8D2C16AB3DF6}"
EndProject
Project("{8BC9CEB8-8B4A-11D0-8D11-00A0C91BC942}") = "fuzztests", "build\fuzztests.vcxproj", "{5EAE0EB7-E259-4ED8-AC7B-1794E0A2D304}"
	ProjectSection(ProjectDependencies) = postProject
		{F75C0F3B-F503-4B49-9198-8529390D5C0C} = {F75C0F3B-F503-4B49-9198-8529390D5C0C}
		{2CDEC1A4-EE8C-4243-9D7E-53869431B35E} = {2CDEC1A4-EE8C-4243-9D7E-53869431B35E}
	EndProjectSection
EndProject
Project("{8BC9CEB8-8B4A-11D0-8D11-00A0C91BC942}") = "hardware-test", "build\hardware-test.vcxproj", "{E0E54771-6AAD-4CD4-B252-2C667F593DB8}"
	ProjectSection(ProjectDependencies) = postProject
		{F75C0F3B-F503-4B49-9198-8529390D5C0C} = {F75C0F3B-F503-4B49-9198-8529390D5C0C}
		{2CDEC1A4-EE8C-4243-9D7E-53869431B35E} = {2CDEC1A4-EE8C-4243-9D7E-53869431B35E}
	EndProjectSection
EndProject
Project("{8BC9CEB8-8B4A-11D0-8D11-00A0C91BC942}") = "imgui", "build\imgui.vcxproj", "{C0166DC5-84C4-466C-BD6C-023451915569}"
EndProject
Project("{8BC9CEB8-8B4A-11D0-8D11-00A0C91BC942}") = "libcpu", "build\libcpu.vcxproj", "{2CDEC1A4-EE8C-4243-9D7E-53869431B35E}"
	ProjectSection(ProjectDependencies) = postProject
		{F75C0F3B-F503-4B49-9198-8529390D5C0C} = {F75C0F3B-F503-4B49-9198-8529390D5C0C}
		{94C92AF7-B8C5-4F0B-A7F4-F80A32DCEC8E} = {94C92AF7-B8C5-4F0B-A7F4-F80A32DCEC8E}
	EndProjectSection
EndProject
Project("{8BC9CEB8-8B4A-11D0-8D11-00A0C91BC942}") = "common", "build\common.vcxproj", "{F75C0F3B-F503-4B49-9198-8529390D5C0C}"
EndProject
Project("{8BC9CEB8-8B4A-11D0-8D11-00A0C91BC942}") = "libdecaf", "build\libdecaf.vcxproj", "{D528F1B0-3DA2-496D-9E59-CE80141BD149}"
	ProjectSection(ProjectDependencies) = postProject
		{F75C0F3B-F503-4B49-9198-8529390D5C0C} = {F75C0F3B-F503-4B49-9198-8529390D5C0C}
		{01016351-42D4-4D49-A433-00CF4E1F7A8C} = {01016351-42D4-4D49-A433-00CF4E1F7A8C}
		{2CDEC1A4-EE8C-4243-9D7E-53869431B35E} = {2CDEC1A4-EE8C-4243-9D7E-53869431B35E}
		{32C7C2BD-0D47-48C7-9887-468850923599} = {32C7C2BD-0D47-48C7-9887-468850923599}
		{C0166DC5-84C4-466C-BD6C-023451915569} = {C0166DC5-84C4-466C-BD6C-023451915569}
		{C0166DC5-84C8-466C-BD6C-037951915569} = {C0166DC5-84C8-466C-BD6C-037951915569}
		{2808B8EB-ACC1-4EC3-B22E-8D2C16AB7DF6} = {2808B8EB-ACC1-4EC3-B22E-8D2C16AB7DF6}
		{2808B8EB-ACC1-4EC3-B22E-8D2C16AB7EF6} = {2808B8EB-ACC1-4EC3-B22E-8D2C16AB7EF6}
	EndProjectSection
EndProject
Project("{8BC9CEB8-8B4A-11D0-8D11-00A0C91BC942}") = "decaf-sdl", "build\decaf-sdl.vcxproj", "{E10BC5AA-C1A4-4B17-943D-9C1B4BCD52A9}"
	ProjectSection(ProjectDependencies) = postProject
		{F75C0F3B-F503-4B49-9198-8529390D5C0C} = {F75C0F3B-F503-4B49-9198-8529390D5C0C}
		{2CDEC1A4-EE8C-4243-9D7E-53869431B35E} = {2CDEC1A4-EE8C-4243-9D7E-53869431B35E}
		{D528F1B0-3DA2-496D-9E59-CE80141BD149} = {D528F1B0-3DA2-496D-9E59-CE80141BD149}
		{2808B8EB-ACC1-4EC3-B22E-8D2C16AB3DF6} = {2808B8EB-ACC1-4EC3-B22E-8D2C16AB3DF6}
	EndProjectSection
EndProject
Project("{8BC9CEB8-8B4A-11D0-8D11-00A0C91BC942}") = "decaf-cli", "build\decaf-cli.vcxproj", "{E10BC5AA-C1A4-4B17-943D-9C1B4BCD52C9}"
	ProjectSection(ProjectDependencies) = postProject
		{F75C0F3B-F503-4B49-9198-8529390D5C0C} = {F75C0F3B-F503-4B49-9198-8529390D5C0C}
		{2CDEC1A4-EE8C-4243-9D7E-53869431B35E} = {2CDEC1A4-EE8C-4243-9D7E-53869431B35E}
		{D528F1B0-3DA2-496D-9E59-CE80141BD149} = {D528F1B0-3DA2-496D-9E59-CE80141BD149}
	EndProjectSection
EndProject
Project("{8BC9CEB8-8B4A-11D0-8D11-00A0C91BC942}") = "hwtest-achurch", "build\hwtest-achurch.vcxproj", "{E0E54771-6AAD-4CD4-B252-2C66AF593DB9}"
	ProjectSection(ProjectDependencies) = postProject
		{F75C0F3B-F503-4B49-9198-8529390D5C0C} = {F75C0F3B-F503-4B49-9198-8529390D5C0C}
		{2CDEC1A4-EE8C-4243-9D7E-53869431B35E} = {2CDEC1A4-EE8C-4243-9D7E-53869431B35E}
	EndProjectSection
EndProject
Project("{8BC9CEB8-8B4A-11D0-8D11-00A0C91BC942}") = "decaf-pm4-replay", "build\decaf-pm4-replay.vcxproj", "{E10BC5AA-C1A4-4B17-943D-9E1F4A0D52A1}"
	ProjectSection(ProjectDependencies) = postProject
		{F75C0F3B-F503-4B49-9198-8529390D5C0C} = {F75C0F3B-F503-4B49-9198-8529390D5C0C}
		{2CDEC1A4-EE8C-4243-9D7E-53869431B35E} = {2CDEC1A4-EE8C-4243-9D7E-53869431B35E}
		{D528F1B0-3DA2-496D-9E59-CE80141BD149} = {D528F1B0-3DA2-496D-9E59-CE80141BD149}
		{32C7C2BD-0D47-48C7-9887-468850923599} = {32C7C2BD-0D47-48C7-9887-468850923599}
		{2808B8EB-ACC1-4EC3-B22E-8D2C16AB3DF6} = {2808B8EB-ACC1-4EC3-B22E-8D2C16AB3DF6}
	EndProjectSection
EndProject
Global
	GlobalSection(SolutionConfigurationPlatforms) = preSolution
		Debug|x64 = Debug|x64
		Release|x64 = Release|x64
		ReleaseDebug|x64 = ReleaseDebug|x64
	EndGlobalSection
	GlobalSection(ProjectConfigurationPlatforms) = postSolution
		{C0166DC5-84C8-466C-BD6C-037951915569}.Debug|x64.ActiveCfg = Debug|x64
		{C0166DC5-84C8-466C-BD6C-037951915569}.Debug|x64.Build.0 = Debug|x64
		{C0166DC5-84C8-466C-BD6C-037951915569}.Release|x64.ActiveCfg = Release|x64
		{C0166DC5-84C8-466C-BD6C-037951915569}.Release|x64.Build.0 = Release|x64
		{C0166DC5-84C8-466C-BD6C-037951915569}.ReleaseDebug|x64.ActiveCfg = ReleaseDebug|x64
		{C0166DC5-84C8-466C-BD6C-037951915569}.ReleaseDebug|x64.Build.0 = ReleaseDebug|x64
		{94C92AF7-B8C5-4F0B-A7F4-F80A32DCEC8E}.Debug|x64.ActiveCfg = Debug|x64
		{94C92AF7-B8C5-4F0B-A7F4-F80A32DCEC8E}.Debug|x64.Build.0 = Debug|x64
		{94C92AF7-B8C5-4F0B-A7F4-F80A32DCEC8E}.Release|x64.ActiveCfg = Release|x64
		{94C92AF7-B8C5-4F0B-A7F4-F80A32DCEC8E}.Release|x64.Build.0 = Release|x64
		{94C92AF7-B8C5-4F0B-A7F4-F80A32DCEC8E}.ReleaseDebug|x64.ActiveCfg = ReleaseDebug|x64
		{94C92AF7-B8C5-4F0B-A7F4-F80A32DCEC8E}.ReleaseDebug|x64.Build.0 = ReleaseDebug|x64
		{2808B8EB-ACC1-4EC3-B22E-8D2C16AB7DF6}.Debug|x64.ActiveCfg = Debug|x64
		{2808B8EB-ACC1-4EC3-B22E-8D2C16AB7DF6}.Debug|x64.Build.0 = Debug|x64
		{2808B8EB-ACC1-4EC3-B22E-8D2C16AB7DF6}.Release|x64.ActiveCfg = Release|x64
		{2808B8EB-ACC1-4EC3-B22E-8D2C16AB7DF6}.Release|x64.Build.0 = Release|x64
		{2808B8EB-ACC1-4EC3-B22E-8D2C16AB7DF6}.ReleaseDebug|x64.ActiveCfg = ReleaseDebug|x64
		{2808B8EB-ACC1-4EC3-B22E-8D2C16AB7DF6}.ReleaseDebug|x64.Build.0 = ReleaseDebug|x64
		{CD2AFBB6-5A6C-4FC6-B76B-F618193AEFC8}.Debug|x64.ActiveCfg = Debug|x64
		{CD2AFBB6-5A6C-4FC6-B76B-F618193AEFC8}.Release|x64.ActiveCfg = Release|x64
		{CD2AFBB6-5A6C-4FC6-B76B-F618193AEFC8}.ReleaseDebug|x64.ActiveCfg = ReleaseDebug|x64
		{CDFC321E-07C6-44E1-B145-02749935DDFE}.Debug|x64.ActiveCfg = Debug|x64
		{CDFC321E-07C6-44E1-B145-02749935DDFE}.Release|x64.ActiveCfg = Release|x64
		{CDFC321E-07C6-44E1-B145-02749935DDFE}.ReleaseDebug|x64.ActiveCfg = ReleaseDebug|x64
		{01016351-42D4-4D49-A433-00CF4E1F7A8C}.Debug|x64.ActiveCfg = Debug|x64
		{01016351-42D4-4D49-A433-00CF4E1F7A8C}.Debug|x64.Build.0 = Debug|x64
		{01016351-42D4-4D49-A433-00CF4E1F7A8C}.Release|x64.ActiveCfg = Release|x64
		{01016351-42D4-4D49-A433-00CF4E1F7A8C}.Release|x64.Build.0 = Release|x64
		{01016351-42D4-4D49-A433-00CF4E1F7A8C}.ReleaseDebug|x64.ActiveCfg = ReleaseDebug|x64
		{01016351-42D4-4D49-A433-00CF4E1F7A8C}.ReleaseDebug|x64.Build.0 = ReleaseDebug|x64
		{32C7C2BD-0D47-48C7-9887-468850923599}.Debug|x64.ActiveCfg = Debug|x64
		{32C7C2BD-0D47-48C7-9887-468850923599}.Debug|x64.Build.0 = Debug|x64
		{32C7C2BD-0D47-48C7-9887-468850923599}.Release|x64.ActiveCfg = Release|x64
		{32C7C2BD-0D47-48C7-9887-468850923599}.Release|x64.Build.0 = Release|x64
		{32C7C2BD-0D47-48C7-9887-468850923599}.ReleaseDebug|x64.ActiveCfg = ReleaseDebug|x64
		{32C7C2BD-0D47-48C7-9887-468850923599}.ReleaseDebug|x64.Build.0 = ReleaseDebug|x64
		{2808B8EB-ACC1-4EC3-B22E-8D2C16AB7EF6}.Debug|x64.ActiveCfg = Debug|x64
		{2808B8EB-ACC1-4EC3-B22E-8D2C16AB7EF6}.Debug|x64.Build.0 = Debug|x64
		{2808B8EB-ACC1-4EC3-B22E-8D2C16AB7EF6}.Release|x64.ActiveCfg = Release|x64
		{2808B8EB-ACC1-4EC3-B22E-8D2C16AB7EF6}.Release|x64.Build.0 = Release|x64
		{2808B8EB-ACC1-4EC3-B22E-8D2C16AB7EF6}.ReleaseDebug|x64.ActiveCfg = ReleaseDebug|x64
		{2808B8EB-ACC1-4EC3-B22E-8D2C16AB7EF6}.ReleaseDebug|x64.Build.0 = ReleaseDebug|x64
		{7CB8D060-968B-4173-B2BF-1E29088107F2}.Debug|x64.ActiveCfg = Debug|x64
		{7CB8D060-968B-4173-B2BF-1E29088107F2}.Release|x64.ActiveCfg = Release|x64
		{7CB8D060-968B-4173-B2BF-1E29088107F2}.ReleaseDebug|x64.ActiveCfg = ReleaseDebug|x64
		{2808B8EB-ACC1-4EC3-B22E-8D2C16AB3DF6}.Debug|x64.ActiveCfg = Debug|x64
		{2808B8EB-ACC1-4EC3-B22E-8D2C16AB3DF6}.Debug|x64.Build.0 = Debug|x64
		{2808B8EB-ACC1-4EC3-B22E-8D2C16AB3DF6}.Release|x64.ActiveCfg = Release|x64
		{2808B8EB-ACC1-4EC3-B22E-8D2C16AB3DF6}.Release|x64.Build.0 = Release|x64
		{2808B8EB-ACC1-4EC3-B22E-8D2C16AB3DF6}.ReleaseDebug|x64.ActiveCfg = ReleaseDebug|x64
		{2808B8EB-ACC1-4EC3-B22E-8D2C16AB3DF6}.ReleaseDebug|x64.Build.0 = ReleaseDebug|x64
		{5EAE0EB7-E259-4ED8-AC7B-1794E0A2D304}.Debug|x64.ActiveCfg = Debug|x64
		{5EAE0EB7-E259-4ED8-AC7B-1794E0A2D304}.Debug|x64.Build.0 = Debug|x64
		{5EAE0EB7-E259-4ED8-AC7B-1794E0A2D304}.Release|x64.ActiveCfg = Release|x64
		{5EAE0EB7-E259-4ED8-AC7B-1794E0A2D304}.Release|x64.Build.0 = Release|x64
		{5EAE0EB7-E259-4ED8-AC7B-1794E0A2D304}.ReleaseDebug|x64.ActiveCfg = ReleaseDebug|x64
		{5EAE0EB7-E259-4ED8-AC7B-1794E0A2D304}.ReleaseDebug|x64.Build.0 = ReleaseDebug|x64
		{E0E54771-6AAD-4CD4-B252-2C667F593DB8}.Debug|x64.ActiveCfg = Debug|x64
		{E0E54771-6AAD-4CD4-B252-2C667F593DB8}.Debug|x64.Build.0 = Debug|x64
		{E0E54771-6AAD-4CD4-B252-2C667F593DB8}.Release|x64.ActiveCfg = Release|x64
		{E0E54771-6AAD-4CD4-B252-2C667F593DB8}.Release|x64.Build.0 = Release|x64
		{E0E54771-6AAD-4CD4-B252-2C667F593DB8}.ReleaseDebug|x64.ActiveCfg = ReleaseDebug|x64
		{E0E54771-6AAD-4CD4-B252-2C667F593DB8}.ReleaseDebug|x64.Build.0 = ReleaseDebug|x64
		{C0166DC5-84C4-466C-BD6C-023451915569}.Debug|x64.ActiveCfg = Debug|x64
		{C0166DC5-84C4-466C-BD6C-023451915569}.Debug|x64.Build.0 = Debug|x64
		{C0166DC5-84C4-466C-BD6C-023451915569}.Release|x64.ActiveCfg = Release|x64
		{C0166DC5-84C4-466C-BD6C-023451915569}.Release|x64.Build.0 = Release|x64
		{C0166DC5-84C4-466C-BD6C-023451915569}.ReleaseDebug|x64.ActiveCfg = ReleaseDebug|x64
		{C0166DC5-84C4-466C-BD6C-023451915569}.ReleaseDebug|x64.Build.0 = ReleaseDebug|x64
		{2CDEC1A4-EE8C-4243-9D7E-53869431B35E}.Debug|x64.ActiveCfg = Debug|x64
		{2CDEC1A4-EE8C-4243-9D7E-53869431B35E}.Debug|x64.Build.0 = Debug|x64
		{2CDEC1A4-EE8C-4243-9D7E-53869431B35E}.Release|x64.ActiveCfg = Release|x64
		{2CDEC1A4-EE8C-4243-9D7E-53869431B35E}.Release|x64.Build.0 = Release|x64
		{2CDEC1A4-EE8C-4243-9D7E-53869431B35E}.ReleaseDebug|x64.ActiveCfg = ReleaseDebug|x64
		{2CDEC1A4-EE8C-4243-9D7E-53869431B35E}.ReleaseDebug|x64.Build.0 = ReleaseDebug|x64
		{F75C0F3B-F503-4B49-9198-8529390D5C0C}.Debug|x64.ActiveCfg = Debug|x64
		{F75C0F3B-F503-4B49-9198-8529390D5C0C}.Debug|x64.Build.0 = Debug|x64
		{F75C0F3B-F503-4B49-9198-8529390D5C0C}.Release|x64.ActiveCfg = Release|x64
		{F75C0F3B-F503-4B49-9198-8529390D5C0C}.Release|x64.Build.0 = Release|x64
		{F75C0F3B-F503-4B49-9198-8529390D5C0C}.ReleaseDebug|x64.ActiveCfg = ReleaseDebug|x64
		{F75C0F3B-F503-4B49-9198-8529390D5C0C}.ReleaseDebug|x64.Build.0 = ReleaseDebug|x64
		{D528F1B0-3DA2-496D-9E59-CE80141BD149}.Debug|x64.ActiveCfg = Debug|x64
		{D528F1B0-3DA2-496D-9E59-CE80141BD149}.Debug|x64.Build.0 = Debug|x64
		{D528F1B0-3DA2-496D-9E59-CE80141BD149}.Release|x64.ActiveCfg = Release|x64
		{D528F1B0-3DA2-496D-9E59-CE80141BD149}.Release|x64.Build.0 = Release|x64
		{D528F1B0-3DA2-496D-9E59-CE80141BD149}.ReleaseDebug|x64.ActiveCfg = ReleaseDebug|x64
		{D528F1B0-3DA2-496D-9E59-CE80141BD149}.ReleaseDebug|x64.Build.0 = ReleaseDebug|x64
		{E10BC5AA-C1A4-4B17-943D-9C1B4BCD52A9}.Debug|x64.ActiveCfg = Debug|x64
		{E10BC5AA-C1A4-4B17-943D-9C1B4BCD52A9}.Debug|x64.Build.0 = Debug|x64
		{E10BC5AA-C1A4-4B17-943D-9C1B4BCD52A9}.Release|x64.ActiveCfg = Release|x64
		{E10BC5AA-C1A4-4B17-943D-9C1B4BCD52A9}.Release|x64.Build.0 = Release|x64
		{E10BC5AA-C1A4-4B17-943D-9C1B4BCD52A9}.ReleaseDebug|x64.ActiveCfg = ReleaseDebug|x64
		{E10BC5AA-C1A4-4B17-943D-9C1B4BCD52A9}.ReleaseDebug|x64.Build.0 = ReleaseDebug|x64
		{E10BC5AA-C1A4-4B17-943D-9C1B4BCD52C9}.Debug|x64.ActiveCfg = Debug|x64
		{E10BC5AA-C1A4-4B17-943D-9C1B4BCD52C9}.Debug|x64.Build.0 = Debug|x64
		{E10BC5AA-C1A4-4B17-943D-9C1B4BCD52C9}.Release|x64.ActiveCfg = Release|x64
		{E10BC5AA-C1A4-4B17-943D-9C1B4BCD52C9}.Release|x64.Build.0 = Release|x64
		{E10BC5AA-C1A4-4B17-943D-9C1B4BCD52C9}.ReleaseDebug|x64.ActiveCfg = ReleaseDebug|x64
		{E10BC5AA-C1A4-4B17-943D-9C1B4BCD52C9}.ReleaseDebug|x64.Build.0 = ReleaseDebug|x64
		{E0E54771-6AAD-4CD4-B252-2C66AF593DB9}.Debug|x64.ActiveCfg = Debug|x64
		{E0E54771-6AAD-4CD4-B252-2C66AF593DB9}.Debug|x64.Build.0 = Debug|x64
		{E0E54771-6AAD-4CD4-B252-2C66AF593DB9}.Release|x64.ActiveCfg = Release|x64
		{E0E54771-6AAD-4CD4-B252-2C66AF593DB9}.Release|x64.Build.0 = Release|x64
		{E0E54771-6AAD-4CD4-B252-2C66AF593DB9}.ReleaseDebug|x64.ActiveCfg = ReleaseDebug|x64
		{E0E54771-6AAD-4CD4-B252-2C66AF593DB9}.ReleaseDebug|x64.Build.0 = ReleaseDebug|x64
		{E10BC5AA-C1A4-4B17-943D-9E1F4A0D52A1}.Debug|x64.ActiveCfg = Debug|x64
		{E10BC5AA-C1A4-4B17-943D-9E1F4A0D52A1}.Debug|x64.Build.0 = Debug|x64
		{E10BC5AA-C1A4-4B17-943D-9E1F4A0D52A1}.Release|x64.ActiveCfg = Release|x64
		{E10BC5AA-C1A4-4B17-943D-9E1F4A0D52A1}.Release|x64.Build.0 = Release|x64
		{E10BC5AA-C1A4-4B17-943D-9E1F4A0D52A1}.ReleaseDebug|x64.ActiveCfg = ReleaseDebug|x64
		{E10BC5AA-C1A4-4B17-943D-9E1F4A0D52A1}.ReleaseDebug|x64.Build.0 = ReleaseDebug|x64
	EndGlobalSection
	GlobalSection(SolutionProperties) = preSolution
		HideSolutionNode = FALSE
	EndGlobalSection
	GlobalSection(NestedProjects) = preSolution
		{C0166DC5-84C8-466C-BD6C-037951915569} = {A7137181-83E5-46FB-A880-B4FB4F4BF3C3}
		{94C92AF7-B8C5-4F0B-A7F4-F80A32DCEC8E} = {A7137181-83E5-46FB-A880-B4FB4F4BF3C3}
		{2808B8EB-ACC1-4EC3-B22E-8D2C16AB7DF6} = {A7137181-83E5-46FB-A880-B4FB4F4BF3C3}
		{CD2AFBB6-5A6C-4FC6-B76B-F618193AEFC8} = {4E2164E9-068E-44D0-BC5B-E8A68B30D4CE}
		{CDFC321E-07C6-44E1-B145-02749935DDFE} = {4E2164E9-068E-44D0-BC5B-E8A68B30D4CE}
		{01016351-42D4-4D49-A433-00CF4E1F7A8C} = {A7137181-83E5-46FB-A880-B4FB4F4BF3C3}
		{32C7C2BD-0D47-48C7-9887-468850923599} = {A7137181-83E5-46FB-A880-B4FB4F4BF3C3}
		{2808B8EB-ACC1-4EC3-B22E-8D2C16AB7EF6} = {A7137181-83E5-46FB-A880-B4FB4F4BF3C3}
		{7CB8D060-968B-4173-B2BF-1E29088107F2} = {4E2164E9-068E-44D0-BC5B-E8A68B30D4CE}
		{2808B8EB-ACC1-4EC3-B22E-8D2C16AB3DF6} = {A7137181-83E5-46FB-A880-B4FB4F4BF3C3}
		{5EAE0EB7-E259-4ED8-AC7B-1794E0A2D304} = {4E2164E9-068E-44D0-BC5B-E8A68B30D4CE}
		{E0E54771-6AAD-4CD4-B252-2C667F593DB8} = {4E2164E9-068E-44D0-BC5B-E8A68B30D4CE}
		{C0166DC5-84C4-466C-BD6C-023451915569} = {A7137181-83E5-46FB-A880-B4FB4F4BF3C3}
		{E0E54771-6AAD-4CD4-B252-2C66AF593DB9} = {4E2164E9-068E-44D0-BC5B-E8A68B30D4CE}
	EndGlobalSection
EndGlobal
