
Microsoft Visual Studio Solution File, Format Version 12.00
# Visual Studio 2013
VisualStudioVersion = 12.0.31101.0
MinimumVisualStudioVersion = 10.0.40219.1
Project("{8BC9CEB8-8B4A-11D0-8D11-00A0C91BC942}") = "wiiu", "wiiu\wiiu.vcxproj", "{D528F1B0-3DA2-496D-9E59-CE80141BD149}"
EndProject
Global
	GlobalSection(SolutionConfigurationPlatforms) = preSolution
		Debug|Win32 = Debug|Win32
		Release|Win32 = Release|Win32
	EndGlobalSection
	GlobalSection(ProjectConfigurationPlatforms) = postSolution
		{D528F1B0-3DA2-496D-9E59-CE80141BD149}.Debug|Win32.ActiveCfg = Debug|Win32
		{D528F1B0-3DA2-496D-9E59-CE80141BD149}.Debug|Win32.Build.0 = Debug|Win32
		{D528F1B0-3DA2-496D-9E59-CE80141BD149}.Release|Win32.ActiveCfg = Release|Win32
		{D528F1B0-3DA2-496D-9E59-CE80141BD149}.Release|Win32.Build.0 = Release|Win32
	EndGlobalSection
	GlobalSection(SolutionProperties) = preSolution
		HideSolutionNode = FALSE
	EndGlobalSection
EndGlobal
