<?xml version="1.0" encoding="utf-8"?>
<Project ToolsVersion="4.0" xmlns="http://schemas.microsoft.com/developer/msbuild/2003">
  <ItemGroup>
    <Filter Include="Source Files">
      <UniqueIdentifier>{4FC737F1-C7A5-4376-A066-2A32D752A2FF}</UniqueIdentifier>
      <Extensions>cpp;c;cc;cxx;def;odl;idl;hpj;bat;asm;asmx</Extensions>
    </Filter>
    <Filter Include="Header Files">
      <UniqueIdentifier>{93995380-89BD-4b04-88EB-625FBE52EBFB}</UniqueIdentifier>
      <Extensions>h;hh;hpp;hxx;hm;inl;inc;xsd</Extensions>
    </Filter>
    <Filter Include="Resource Files">
      <UniqueIdentifier>{67DA6AB6-F800-4c08-8B7A-83BB121AAD01}</UniqueIdentifier>
      <Extensions>rc;ico;cur;bmp;dlg;rc2;rct;bin;rgs;gif;jpg;jpeg;jpe;resx;tiff;tif;png;wav;mfcribbon-ms</Extensions>
    </Filter>
    <Filter Include="Source Files\interpreter">
      <UniqueIdentifier>{db86df2c-95f5-4641-8e36-60678d08610d}</UniqueIdentifier>
    </Filter>
    <Filter Include="Source Files\modules">
      <UniqueIdentifier>{783a79f2-1542-47e2-b26b-e1cacdbc1985}</UniqueIdentifier>
    </Filter>
    <Filter Include="Source Files\modules\coreinit">
      <UniqueIdentifier>{6a085612-0a41-4cfd-9588-06e478c184a8}</UniqueIdentifier>
    </Filter>
    <Filter Include="Header Files\modules">
      <UniqueIdentifier>{543deb93-600a-46cd-af7e-bb64e64765d6}</UniqueIdentifier>
    </Filter>
    <Filter Include="Header Files\modules\coreinit">
      <UniqueIdentifier>{d0f73c84-a542-4d8b-a914-cc52fbd45fea}</UniqueIdentifier>
    </Filter>
    <Filter Include="Header Files\modules\gx2">
      <UniqueIdentifier>{7540a965-6c9f-48ea-a9fb-16cc6110f005}</UniqueIdentifier>
    </Filter>
    <Filter Include="Source Files\modules\gx2">
      <UniqueIdentifier>{8d97eeba-d583-4e7c-b20e-9dcdfe8ea718}</UniqueIdentifier>
    </Filter>
  </ItemGroup>
  <ItemGroup>
    <ClCompile Include="main.cpp">
      <Filter>Source Files</Filter>
    </ClCompile>
    <ClCompile Include="loader.cpp">
      <Filter>Source Files</Filter>
    </ClCompile>
    <ClCompile Include="memory.cpp">
      <Filter>Source Files</Filter>
    </ClCompile>
    <ClCompile Include="instructiontable.cpp">
      <Filter>Source Files</Filter>
    </ClCompile>
    <ClCompile Include="interpreter.cpp">
      <Filter>Source Files</Filter>
    </ClCompile>
    <ClCompile Include="disassembler.cpp">
      <Filter>Source Files</Filter>
    </ClCompile>
    <ClCompile Include="systemmodule.cpp">
      <Filter>Source Files</Filter>
    </ClCompile>
    <ClCompile Include="system.cpp">
      <Filter>Source Files</Filter>
    </ClCompile>
    <ClCompile Include="modules\coreinit\coreinit.cpp">
      <Filter>Source Files\modules\coreinit</Filter>
    </ClCompile>
    <ClCompile Include="interpreter\interpreter_branch.cpp">
      <Filter>Source Files\interpreter</Filter>
    </ClCompile>
    <ClCompile Include="interpreter\interpreter_condition.cpp">
      <Filter>Source Files\interpreter</Filter>
    </ClCompile>
    <ClCompile Include="interpreter\interpreter_integer.cpp">
      <Filter>Source Files\interpreter</Filter>
    </ClCompile>
    <ClCompile Include="interpreter\interpreter_loadstore.cpp">
      <Filter>Source Files\interpreter</Filter>
    </ClCompile>
    <ClCompile Include="interpreter\interpreter_system.cpp">
      <Filter>Source Files\interpreter</Filter>
    </ClCompile>
    <ClCompile Include="modules\coreinit\coreinit_debug.cpp">
      <Filter>Source Files\modules\coreinit</Filter>
    </ClCompile>
    <ClCompile Include="modules\coreinit\coreinit_thread.cpp">
      <Filter>Source Files\modules\coreinit</Filter>
    </ClCompile>
    <ClCompile Include="gdbstub.cpp">
      <Filter>Source Files</Filter>
    </ClCompile>
    <ClCompile Include="interpreter\interpreter_pairedsingle.cpp">
      <Filter>Source Files\interpreter</Filter>
    </ClCompile>
    <ClCompile Include="interpreter\interpreter_float.cpp">
      <Filter>Source Files\interpreter</Filter>
    </ClCompile>
    <ClCompile Include="modules\coreinit\coreinit_memory.cpp">
      <Filter>Source Files\modules\coreinit</Filter>
    </ClCompile>
    <ClCompile Include="modules\gx2\gx2.cpp">
      <Filter>Source Files\modules\gx2</Filter>
    </ClCompile>
    <ClCompile Include="modules\gx2\gx2_texture.cpp">
      <Filter>Source Files\modules\gx2</Filter>
    </ClCompile>
    <ClCompile Include="modules\coreinit\coreinit_mutex.cpp">
      <Filter>Source Files\modules\coreinit</Filter>
    </ClCompile>
    <ClCompile Include="modules\coreinit\coreinit_systeminfo.cpp">
      <Filter>Source Files\modules\coreinit</Filter>
    </ClCompile>
  </ItemGroup>
  <ItemGroup>
    <ClInclude Include="log.h">
      <Filter>Header Files</Filter>
    </ClInclude>
    <ClInclude Include="bigendianview.h">
      <Filter>Header Files</Filter>
    </ClInclude>
    <ClInclude Include="memory.h">
      <Filter>Header Files</Filter>
    </ClInclude>
    <ClInclude Include="elf.h">
      <Filter>Header Files</Filter>
    </ClInclude>
    <ClInclude Include="loader.h">
      <Filter>Header Files</Filter>
    </ClInclude>
    <ClInclude Include="instructions.inl">
      <Filter>Header Files</Filter>
    </ClInclude>
    <ClInclude Include="instructiondata.h">
      <Filter>Header Files</Filter>
    </ClInclude>
    <ClInclude Include="disassembler.h">
      <Filter>Header Files</Filter>
    </ClInclude>
    <ClInclude Include="instruction.h">
      <Filter>Header Files</Filter>
    </ClInclude>
    <ClInclude Include="bitutils.h">
      <Filter>Header Files</Filter>
    </ClInclude>
    <ClInclude Include="instructionid.h">
      <Filter>Header Files</Filter>
    </ClInclude>
    <ClInclude Include="module.h">
      <Filter>Header Files</Filter>
    </ClInclude>
    <ClInclude Include="interpreter.h">
      <Filter>Header Files</Filter>
    </ClInclude>
    <ClInclude Include="ppc.h">
      <Filter>Header Files</Filter>
    </ClInclude>
    <ClInclude Include="systemmodule.h">
      <Filter>Header Files</Filter>
    </ClInclude>
    <ClInclude Include="modules\coreinit\coreinit.h">
      <Filter>Header Files\modules\coreinit</Filter>
    </ClInclude>
    <ClInclude Include="system.h">
      <Filter>Header Files</Filter>
    </ClInclude>
    <ClInclude Include="gdbstub.h">
      <Filter>Header Files</Filter>
    </ClInclude>
    <ClInclude Include="floatutils.h">
      <Filter>Header Files</Filter>
    </ClInclude>
    <ClInclude Include="interpreter\interpreter_float.h">
      <Filter>Header Files</Filter>
    </ClInclude>
    <ClInclude Include="modules\coreinit\coreinit_debug.h">
      <Filter>Header Files\modules\coreinit</Filter>
    </ClInclude>
    <ClInclude Include="modules\coreinit\coreinit_memory.h">
      <Filter>Header Files\modules\coreinit</Filter>
    </ClInclude>
    <ClInclude Include="modules\coreinit\coreinit_thread.h">
      <Filter>Header Files\modules\coreinit</Filter>
    </ClInclude>
    <ClInclude Include="modules\gx2\gx2.h">
      <Filter>Header Files\modules\gx2</Filter>
    </ClInclude>
    <ClInclude Include="modules\gx2\gx2_texture.h">
      <Filter>Header Files\modules\gx2</Filter>
    </ClInclude>
    <ClInclude Include="modules\coreinit\coreinit_mutex.h">
      <Filter>Header Files\modules\coreinit</Filter>
    </ClInclude>
    <ClInclude Include="systemtypes.h">
      <Filter>Header Files</Filter>
    </ClInclude>
    <ClInclude Include="systemfunction.h">
      <Filter>Header Files</Filter>
    </ClInclude>
    <ClInclude Include="integer_sequence.h">
      <Filter>Header Files</Filter>
    </ClInclude>
    <ClInclude Include="systemexport.h">
      <Filter>Header Files</Filter>
    </ClInclude>
    <ClInclude Include="modules\coreinit\coreinit_systeminfo.h">
      <Filter>Header Files\modules\coreinit</Filter>
    </ClInclude>
  </ItemGroup>
</Project>